
Microsoft Visual Studio Solution File, Format Version 12.00
# Visual Studio Version 17
VisualStudioVersion = 17.3.32922.545
MinimumVisualStudioVersion = 10.0.40219.1
Project("{9092AA53-FB77-4645-B42D-1CCCA6BD08BD}") = "MatchitTest", "MatchitTest.njsproj", "{5C931B4F-9B19-4191-B2A6-FE7D9FEE1D9D}"
EndProject
Global
	GlobalSection(SolutionConfigurationPlatforms) = preSolution
		Debug|Any CPU = Debug|Any CPU
		Release|Any CPU = Release|Any CPU
	EndGlobalSection
	GlobalSection(ProjectConfigurationPlatforms) = postSolution
		{5C931B4F-9B19-4191-B2A6-FE7D9FEE1D9D}.Debug|Any CPU.ActiveCfg = Debug|Any CPU
		{5C931B4F-9B19-4191-B2A6-FE7D9FEE1D9D}.Debug|Any CPU.Build.0 = Debug|Any CPU
		{5C931B4F-9B19-4191-B2A6-FE7D9FEE1D9D}.Release|Any CPU.ActiveCfg = Release|Any CPU
		{5C931B4F-9B19-4191-B2A6-FE7D9FEE1D9D}.Release|Any CPU.Build.0 = Release|Any CPU
	EndGlobalSection
	GlobalSection(SolutionProperties) = preSolution
		HideSolutionNode = FALSE
	EndGlobalSection
	GlobalSection(ExtensibilityGlobals) = postSolution
		SolutionGuid = {6E7CB6DB-3544-4544-849E-1545FF290CC0}
	EndGlobalSection
EndGlobal
